
Microsoft Visual Studio Solution File, Format Version 12.00
Project("{FAE04EC0-301F-11D3-BF4B-00C04F79EFBC}") = "ExamBuilder", "ExamBuilder\ExamBuilder.csproj", "{FDD34833-0C6A-4504-B000-90869A5FA622}"
EndProject
Global
	GlobalSection(SolutionConfigurationPlatforms) = preSolution
		Debug|Any CPU = Debug|Any CPU
		Release|Any CPU = Release|Any CPU
	EndGlobalSection
	GlobalSection(ProjectConfigurationPlatforms) = postSolution
		{FDD34833-0C6A-4504-B000-90869A5FA622}.Debug|Any CPU.ActiveCfg = Debug|Any CPU
		{FDD34833-0C6A-4504-B000-90869A5FA622}.Debug|Any CPU.Build.0 = Debug|Any CPU
		{FDD34833-0C6A-4504-B000-90869A5FA622}.Release|Any CPU.ActiveCfg = Release|Any CPU
		{FDD34833-0C6A-4504-B000-90869A5FA622}.Release|Any CPU.Build.0 = Release|Any CPU
	EndGlobalSection
EndGlobal
